
Microsoft Visual Studio Solution File, Format Version 12.00
# Visual Studio 2012
Project("{FAE04EC0-301F-11D3-BF4B-00C04F79EFBC}") = "PowerTools", "PowerTools\PowerTools.csproj", "{C4FA776F-09FB-47AC-9878-5405287C3311}"
EndProject
Global
	GlobalSection(SolutionConfigurationPlatforms) = preSolution
		Debug|Any CPU = Debug|Any CPU
		Release|Any CPU = Release|Any CPU
	EndGlobalSection
	GlobalSection(ProjectConfigurationPlatforms) = postSolution
		{C4FA776F-09FB-47AC-9878-5405287C3311}.Debug|Any CPU.ActiveCfg = Debug|Any CPU
		{C4FA776F-09FB-47AC-9878-5405287C3311}.Debug|Any CPU.Build.0 = Debug|Any CPU
		{C4FA776F-09FB-47AC-9878-5405287C3311}.Release|Any CPU.ActiveCfg = Release|Any CPU
		{C4FA776F-09FB-47AC-9878-5405287C3311}.Release|Any CPU.Build.0 = Release|Any CPU
	EndGlobalSection
EndGlobal
